// !$*UTF8*$!
{
	archiveVersion = 1;
	classes = {
	};
	objectVersion = 56;
	objects = {

/* Begin PBXBuildFile section */
		0F094E6E2CB54A9200DF963A /* AppDelegate.swift in Sources */ = {isa = PBXBuildFile; fileRef = 0F094E6D2CB54A9200DF963A /* AppDelegate.swift */; };
		0F094E702CB54A9200DF963A /* SceneDelegate.swift in Sources */ = {isa = PBXBuildFile; fileRef = 0F094E6F2CB54A9200DF963A /* SceneDelegate.swift */; };
		0F094E722CB54A9200DF963A /* Homepage.swift in Sources */ = {isa = PBXBuildFile; fileRef = 0F094E712CB54A9200DF963A /* Homepage.swift */; };
		0F094E752CB54A9200DF963A /* Base in Resources */ = {isa = PBXBuildFile; fileRef = 0F094E742CB54A9200DF963A /* Base */; };
		0F094E772CB54A9400DF963A /* Assets.xcassets in Resources */ = {isa = PBXBuildFile; fileRef = 0F094E762CB54A9400DF963A /* Assets.xcassets */; };
		0F094E7A2CB54A9400DF963A /* Base in Resources */ = {isa = PBXBuildFile; fileRef = 0F094E792CB54A9400DF963A /* Base */; };
		0F094E842CB54F4900DF963A /* CRUDResult.swift in Sources */ = {isa = PBXBuildFile; fileRef = 0F094E832CB54F4900DF963A /* CRUDResult.swift */; };
		0F094E862CB54F5B00DF963A /* UrunlerResult.swift in Sources */ = {isa = PBXBuildFile; fileRef = 0F094E852CB54F5B00DF963A /* UrunlerResult.swift */; };
		0F094E882CB54F6500DF963A /* Urunler.swift in Sources */ = {isa = PBXBuildFile; fileRef = 0F094E872CB54F6500DF963A /* Urunler.swift */; };
		0F094E8A2CB5535F00DF963A /* UrunlerSepeti.swift in Sources */ = {isa = PBXBuildFile; fileRef = 0F094E892CB5535F00DF963A /* UrunlerSepeti.swift */; };
		0F094E8C2CB554BF00DF963A /* SepetResult.swift in Sources */ = {isa = PBXBuildFile; fileRef = 0F094E8B2CB554BF00DF963A /* SepetResult.swift */; };
		0F094E8F2CB558A700DF963A /* ProductRepository.swift in Sources */ = {isa = PBXBuildFile; fileRef = 0F094E8E2CB558A700DF963A /* ProductRepository.swift */; };
		0F094E912CB558F900DF963A /* CartRepository.swift in Sources */ = {isa = PBXBuildFile; fileRef = 0F094E902CB558F900DF963A /* CartRepository.swift */; };
		0F094E962CB559A700DF963A /* HomepageViewModel.swift in Sources */ = {isa = PBXBuildFile; fileRef = 0F094E952CB559A700DF963A /* HomepageViewModel.swift */; };
		0F094E982CB559CB00DF963A /* ProductDetailViewModel.swift in Sources */ = {isa = PBXBuildFile; fileRef = 0F094E972CB559CB00DF963A /* ProductDetailViewModel.swift */; };
		0F094E9A2CB559D900DF963A /* CartViewModel.swift in Sources */ = {isa = PBXBuildFile; fileRef = 0F094E992CB559D900DF963A /* CartViewModel.swift */; };
		0F094E9E2CB562F800DF963A /* ProductDetail.swift in Sources */ = {isa = PBXBuildFile; fileRef = 0F094E9D2CB562F800DF963A /* ProductDetail.swift */; };
		0F094EA02CB5630A00DF963A /* Cart.swift in Sources */ = {isa = PBXBuildFile; fileRef = 0F094E9F2CB5630A00DF963A /* Cart.swift */; };
		0F094EA82CB5645800DF963A /* CartProductCell.swift in Sources */ = {isa = PBXBuildFile; fileRef = 0F094EA72CB5645800DF963A /* CartProductCell.swift */; };
		0F094EAA2CB5648400DF963A /* HomeProductCell.swift in Sources */ = {isa = PBXBuildFile; fileRef = 0F094EA92CB5648400DF963A /* HomeProductCell.swift */; };
		0F094EAD2CB56F3F00DF963A /* Endpoints.swift in Sources */ = {isa = PBXBuildFile; fileRef = 0F094EAC2CB56F3F00DF963A /* Endpoints.swift */; };
		0F094EB02CB5782400DF963A /* RxSwift in Frameworks */ = {isa = PBXBuildFile; productRef = 0F094EAF2CB5782400DF963A /* RxSwift */; };
		0F094EB32CB578B900DF963A /* Kingfisher in Frameworks */ = {isa = PBXBuildFile; productRef = 0F094EB22CB578B900DF963A /* Kingfisher */; };
		0F0BDCC12CC0429B0057362F /* ProfileListCell.swift in Sources */ = {isa = PBXBuildFile; fileRef = 0F0BDCC02CC0429B0057362F /* ProfileListCell.swift */; };
		0F0BDCC32CC042BE0057362F /* Profile.swift in Sources */ = {isa = PBXBuildFile; fileRef = 0F0BDCC22CC042BE0057362F /* Profile.swift */; };
		0F297BBF2CC50D1C00A6F25F /* Lottie in Frameworks */ = {isa = PBXBuildFile; productRef = 0F297BBE2CC50D1C00A6F25F /* Lottie */; };
		0F297BC42CC50D5900A6F25F /* addtocart-animation.json in Resources */ = {isa = PBXBuildFile; fileRef = 0F297BC32CC50D5900A6F25F /* addtocart-animation.json */; };
		0F297BCA2CC51E6B00A6F25F /* complete-animation.json in Resources */ = {isa = PBXBuildFile; fileRef = 0F297BC92CC51E6B00A6F25F /* complete-animation.json */; };
		0F297BCC2CC51F8B00A6F25F /* AnimationHelper.swift in Sources */ = {isa = PBXBuildFile; fileRef = 0F297BCB2CC51F8B00A6F25F /* AnimationHelper.swift */; };
		0F297BD42CC5269E00A6F25F /* TableViewHelper.swift in Sources */ = {isa = PBXBuildFile; fileRef = 0F297BD32CC5269E00A6F25F /* TableViewHelper.swift */; };
		0F2DDF592CBE92FA000A10F3 /* DiscountManager.swift in Sources */ = {isa = PBXBuildFile; fileRef = 0F2DDF582CBE92FA000A10F3 /* DiscountManager.swift */; };
		0F7F291A2CC1061600715F76 /* Register.swift in Sources */ = {isa = PBXBuildFile; fileRef = 0F7F29192CC1061600715F76 /* Register.swift */; };
		0F7F291C2CC1062200715F76 /* Login.swift in Sources */ = {isa = PBXBuildFile; fileRef = 0F7F291B2CC1062200715F76 /* Login.swift */; };
		0F7F291E2CC12E0D00715F76 /* GoogleService-Info.plist in Resources */ = {isa = PBXBuildFile; fileRef = 0F7F291D2CC12E0D00715F76 /* GoogleService-Info.plist */; };
		0F7F29212CC12FA100715F76 /* FirebaseAuth in Frameworks */ = {isa = PBXBuildFile; productRef = 0F7F29202CC12FA100715F76 /* FirebaseAuth */; };
		0F7F29232CC1393600715F76 /* LoginViewModel.swift in Sources */ = {isa = PBXBuildFile; fileRef = 0F7F29222CC1393600715F76 /* LoginViewModel.swift */; };
		0F7F29252CC13D8000715F76 /* RegisterViewModel.swift in Sources */ = {isa = PBXBuildFile; fileRef = 0F7F29242CC13D8000715F76 /* RegisterViewModel.swift */; };
		0FA385C42CC2676D0094320E /* UserProfile.swift in Sources */ = {isa = PBXBuildFile; fileRef = 0FA385C32CC2676D0094320E /* UserProfile.swift */; };
		0FA385C62CC2689E0094320E /* ProfileRepository.swift in Sources */ = {isa = PBXBuildFile; fileRef = 0FA385C52CC2689E0094320E /* ProfileRepository.swift */; };
		0FA385C82CC269360094320E /* ProfileViewModel.swift in Sources */ = {isa = PBXBuildFile; fileRef = 0FA385C72CC269360094320E /* ProfileViewModel.swift */; };
		0FA385CA2CC26F640094320E /* LoginRepository.swift in Sources */ = {isa = PBXBuildFile; fileRef = 0FA385C92CC26F640094320E /* LoginRepository.swift */; };
		0FA385CC2CC270FB0094320E /* RegisterRepository.swift in Sources */ = {isa = PBXBuildFile; fileRef = 0FA385CB2CC270FB0094320E /* RegisterRepository.swift */; };
		0FA8BB7E2CBF9A5900318177 /* CoreData.framework in Frameworks */ = {isa = PBXBuildFile; fileRef = 0FA8BB7D2CBF9A5900318177 /* CoreData.framework */; };
		0FA8BB812CBF9A8A00318177 /* Model.xcdatamodeld in Sources */ = {isa = PBXBuildFile; fileRef = 0FA8BB7F2CBF9A8A00318177 /* Model.xcdatamodeld */; };
		0FA8BB832CBF9B2800318177 /* FavoriteRepository.swift in Sources */ = {isa = PBXBuildFile; fileRef = 0FA8BB822CBF9B2800318177 /* FavoriteRepository.swift */; };
		0FA8BB872CBFBA1F00318177 /* Favorites.swift in Sources */ = {isa = PBXBuildFile; fileRef = 0FA8BB862CBFBA1F00318177 /* Favorites.swift */; };
		0FA8BB892CBFBA3F00318177 /* FavoriteProductCell.swift in Sources */ = {isa = PBXBuildFile; fileRef = 0FA8BB882CBFBA3F00318177 /* FavoriteProductCell.swift */; };
		0FA8BB8B2CBFC3E800318177 /* FavoritesViewModel.swift in Sources */ = {isa = PBXBuildFile; fileRef = 0FA8BB8A2CBFC3E800318177 /* FavoritesViewModel.swift */; };
		0FB685C12CB684C700620396 /* ImageHelper.swift in Sources */ = {isa = PBXBuildFile; fileRef = 0FB685C02CB684C700620396 /* ImageHelper.swift */; };
		0FE2BF0C2CC178AD0045FB57 /* FirebaseFirestore in Frameworks */ = {isa = PBXBuildFile; productRef = 0FE2BF0B2CC178AD0045FB57 /* FirebaseFirestore */; };
/* End PBXBuildFile section */

/* Begin PBXFileReference section */
		0F094E6A2CB54A9200DF963A /* e-commerce-app.app */ = {isa = PBXFileReference; explicitFileType = wrapper.application; includeInIndex = 0; path = "e-commerce-app.app"; sourceTree = BUILT_PRODUCTS_DIR; };
		0F094E6D2CB54A9200DF963A /* AppDelegate.swift */ = {isa = PBXFileReference; lastKnownFileType = sourcecode.swift; path = AppDelegate.swift; sourceTree = "<group>"; };
		0F094E6F2CB54A9200DF963A /* SceneDelegate.swift */ = {isa = PBXFileReference; lastKnownFileType = sourcecode.swift; path = SceneDelegate.swift; sourceTree = "<group>"; };
		0F094E712CB54A9200DF963A /* Homepage.swift */ = {isa = PBXFileReference; lastKnownFileType = sourcecode.swift; path = Homepage.swift; sourceTree = "<group>"; };
		0F094E742CB54A9200DF963A /* Base */ = {isa = PBXFileReference; lastKnownFileType = file.storyboard; name = Base; path = Base.lproj/Main.storyboard; sourceTree = "<group>"; };
		0F094E762CB54A9400DF963A /* Assets.xcassets */ = {isa = PBXFileReference; lastKnownFileType = folder.assetcatalog; path = Assets.xcassets; sourceTree = "<group>"; };
		0F094E792CB54A9400DF963A /* Base */ = {isa = PBXFileReference; lastKnownFileType = file.storyboard; name = Base; path = Base.lproj/LaunchScreen.storyboard; sourceTree = "<group>"; };
		0F094E7B2CB54A9400DF963A /* Info.plist */ = {isa = PBXFileReference; lastKnownFileType = text.plist.xml; path = Info.plist; sourceTree = "<group>"; };
		0F094E832CB54F4900DF963A /* CRUDResult.swift */ = {isa = PBXFileReference; lastKnownFileType = sourcecode.swift; path = CRUDResult.swift; sourceTree = "<group>"; };
		0F094E852CB54F5B00DF963A /* UrunlerResult.swift */ = {isa = PBXFileReference; lastKnownFileType = sourcecode.swift; path = UrunlerResult.swift; sourceTree = "<group>"; };
		0F094E872CB54F6500DF963A /* Urunler.swift */ = {isa = PBXFileReference; lastKnownFileType = sourcecode.swift; path = Urunler.swift; sourceTree = "<group>"; };
		0F094E892CB5535F00DF963A /* UrunlerSepeti.swift */ = {isa = PBXFileReference; lastKnownFileType = sourcecode.swift; path = UrunlerSepeti.swift; sourceTree = "<group>"; };
		0F094E8B2CB554BF00DF963A /* SepetResult.swift */ = {isa = PBXFileReference; lastKnownFileType = sourcecode.swift; path = SepetResult.swift; sourceTree = "<group>"; };
		0F094E8E2CB558A700DF963A /* ProductRepository.swift */ = {isa = PBXFileReference; lastKnownFileType = sourcecode.swift; path = ProductRepository.swift; sourceTree = "<group>"; };
		0F094E902CB558F900DF963A /* CartRepository.swift */ = {isa = PBXFileReference; lastKnownFileType = sourcecode.swift; path = CartRepository.swift; sourceTree = "<group>"; };
		0F094E952CB559A700DF963A /* HomepageViewModel.swift */ = {isa = PBXFileReference; lastKnownFileType = sourcecode.swift; path = HomepageViewModel.swift; sourceTree = "<group>"; };
		0F094E972CB559CB00DF963A /* ProductDetailViewModel.swift */ = {isa = PBXFileReference; lastKnownFileType = sourcecode.swift; path = ProductDetailViewModel.swift; sourceTree = "<group>"; };
		0F094E992CB559D900DF963A /* CartViewModel.swift */ = {isa = PBXFileReference; lastKnownFileType = sourcecode.swift; path = CartViewModel.swift; sourceTree = "<group>"; };
		0F094E9D2CB562F800DF963A /* ProductDetail.swift */ = {isa = PBXFileReference; lastKnownFileType = sourcecode.swift; path = ProductDetail.swift; sourceTree = "<group>"; };
		0F094E9F2CB5630A00DF963A /* Cart.swift */ = {isa = PBXFileReference; lastKnownFileType = sourcecode.swift; path = Cart.swift; sourceTree = "<group>"; };
		0F094EA72CB5645800DF963A /* CartProductCell.swift */ = {isa = PBXFileReference; lastKnownFileType = sourcecode.swift; path = CartProductCell.swift; sourceTree = "<group>"; };
		0F094EA92CB5648400DF963A /* HomeProductCell.swift */ = {isa = PBXFileReference; lastKnownFileType = sourcecode.swift; path = HomeProductCell.swift; sourceTree = "<group>"; };
		0F094EAC2CB56F3F00DF963A /* Endpoints.swift */ = {isa = PBXFileReference; lastKnownFileType = sourcecode.swift; path = Endpoints.swift; sourceTree = "<group>"; };
		0F0BDCC02CC0429B0057362F /* ProfileListCell.swift */ = {isa = PBXFileReference; lastKnownFileType = sourcecode.swift; path = ProfileListCell.swift; sourceTree = "<group>"; };
		0F0BDCC22CC042BE0057362F /* Profile.swift */ = {isa = PBXFileReference; lastKnownFileType = sourcecode.swift; path = Profile.swift; sourceTree = "<group>"; };
		0F297BC32CC50D5900A6F25F /* addtocart-animation.json */ = {isa = PBXFileReference; fileEncoding = 4; lastKnownFileType = text.json; path = "addtocart-animation.json"; sourceTree = "<group>"; };
		0F297BC92CC51E6B00A6F25F /* complete-animation.json */ = {isa = PBXFileReference; fileEncoding = 4; lastKnownFileType = text.json; path = "complete-animation.json"; sourceTree = "<group>"; };
		0F297BCB2CC51F8B00A6F25F /* AnimationHelper.swift */ = {isa = PBXFileReference; lastKnownFileType = sourcecode.swift; path = AnimationHelper.swift; sourceTree = "<group>"; };
		0F297BD32CC5269E00A6F25F /* TableViewHelper.swift */ = {isa = PBXFileReference; lastKnownFileType = sourcecode.swift; path = TableViewHelper.swift; sourceTree = "<group>"; };
		0F2DDF582CBE92FA000A10F3 /* DiscountManager.swift */ = {isa = PBXFileReference; lastKnownFileType = sourcecode.swift; path = DiscountManager.swift; sourceTree = "<group>"; };
		0F7F29192CC1061600715F76 /* Register.swift */ = {isa = PBXFileReference; lastKnownFileType = sourcecode.swift; path = Register.swift; sourceTree = "<group>"; };
		0F7F291B2CC1062200715F76 /* Login.swift */ = {isa = PBXFileReference; lastKnownFileType = sourcecode.swift; path = Login.swift; sourceTree = "<group>"; };
		0F7F291D2CC12E0D00715F76 /* GoogleService-Info.plist */ = {isa = PBXFileReference; fileEncoding = 4; lastKnownFileType = text.plist.xml; path = "GoogleService-Info.plist"; sourceTree = "<group>"; };
		0F7F29222CC1393600715F76 /* LoginViewModel.swift */ = {isa = PBXFileReference; lastKnownFileType = sourcecode.swift; path = LoginViewModel.swift; sourceTree = "<group>"; };
		0F7F29242CC13D8000715F76 /* RegisterViewModel.swift */ = {isa = PBXFileReference; lastKnownFileType = sourcecode.swift; path = RegisterViewModel.swift; sourceTree = "<group>"; };
		0FA385C32CC2676D0094320E /* UserProfile.swift */ = {isa = PBXFileReference; lastKnownFileType = sourcecode.swift; path = UserProfile.swift; sourceTree = "<group>"; };
		0FA385C52CC2689E0094320E /* ProfileRepository.swift */ = {isa = PBXFileReference; lastKnownFileType = sourcecode.swift; path = ProfileRepository.swift; sourceTree = "<group>"; };
		0FA385C72CC269360094320E /* ProfileViewModel.swift */ = {isa = PBXFileReference; lastKnownFileType = sourcecode.swift; path = ProfileViewModel.swift; sourceTree = "<group>"; };
		0FA385C92CC26F640094320E /* LoginRepository.swift */ = {isa = PBXFileReference; lastKnownFileType = sourcecode.swift; path = LoginRepository.swift; sourceTree = "<group>"; };
		0FA385CB2CC270FB0094320E /* RegisterRepository.swift */ = {isa = PBXFileReference; lastKnownFileType = sourcecode.swift; path = RegisterRepository.swift; sourceTree = "<group>"; };
		0FA8BB7D2CBF9A5900318177 /* CoreData.framework */ = {isa = PBXFileReference; lastKnownFileType = wrapper.framework; name = CoreData.framework; path = System/Library/Frameworks/CoreData.framework; sourceTree = SDKROOT; };
		0FA8BB802CBF9A8A00318177 /* Model.xcdatamodel */ = {isa = PBXFileReference; lastKnownFileType = wrapper.xcdatamodel; path = Model.xcdatamodel; sourceTree = "<group>"; };
		0FA8BB822CBF9B2800318177 /* FavoriteRepository.swift */ = {isa = PBXFileReference; lastKnownFileType = sourcecode.swift; path = FavoriteRepository.swift; sourceTree = "<group>"; };
		0FA8BB862CBFBA1F00318177 /* Favorites.swift */ = {isa = PBXFileReference; lastKnownFileType = sourcecode.swift; path = Favorites.swift; sourceTree = "<group>"; };
		0FA8BB882CBFBA3F00318177 /* FavoriteProductCell.swift */ = {isa = PBXFileReference; lastKnownFileType = sourcecode.swift; path = FavoriteProductCell.swift; sourceTree = "<group>"; };
		0FA8BB8A2CBFC3E800318177 /* FavoritesViewModel.swift */ = {isa = PBXFileReference; lastKnownFileType = sourcecode.swift; path = FavoritesViewModel.swift; sourceTree = "<group>"; };
		0FB685C02CB684C700620396 /* ImageHelper.swift */ = {isa = PBXFileReference; lastKnownFileType = sourcecode.swift; path = ImageHelper.swift; sourceTree = "<group>"; };
/* End PBXFileReference section */

/* Begin PBXFrameworksBuildPhase section */
		0F094E672CB54A9200DF963A /* Frameworks */ = {
			isa = PBXFrameworksBuildPhase;
			buildActionMask = 2147483647;
			files = (
				0F094EB32CB578B900DF963A /* Kingfisher in Frameworks */,
				0FA8BB7E2CBF9A5900318177 /* CoreData.framework in Frameworks */,
				0F094EB02CB5782400DF963A /* RxSwift in Frameworks */,
				0FE2BF0C2CC178AD0045FB57 /* FirebaseFirestore in Frameworks */,
				0F7F29212CC12FA100715F76 /* FirebaseAuth in Frameworks */,
				0F297BBF2CC50D1C00A6F25F /* Lottie in Frameworks */,
			);
			runOnlyForDeploymentPostprocessing = 0;
		};
/* End PBXFrameworksBuildPhase section */

/* Begin PBXGroup section */
		0F094E612CB54A9200DF963A = {
			isa = PBXGroup;
			children = (
				0F094E6C2CB54A9200DF963A /* e-commerce-app */,
				0F094E6B2CB54A9200DF963A /* Products */,
				0FA8BB7C2CBF9A5900318177 /* Frameworks */,
			);
			sourceTree = "<group>";
		};
		0F094E6B2CB54A9200DF963A /* Products */ = {
			isa = PBXGroup;
			children = (
				0F094E6A2CB54A9200DF963A /* e-commerce-app.app */,
			);
			name = Products;
			sourceTree = "<group>";
		};
		0F094E6C2CB54A9200DF963A /* e-commerce-app */ = {
			isa = PBXGroup;
			children = (
				0F297BB52CC502AF00A6F25F /* delegates */,
				0F094E812CB54AAE00DF963A /* data */,
				0F094E922CB5594100DF963A /* ui */,
				0F094EAB2CB56F1500DF963A /* utilities */,
				0F094E762CB54A9400DF963A /* Assets.xcassets */,
				0F094E7B2CB54A9400DF963A /* Info.plist */,
				0F7F291D2CC12E0D00715F76 /* GoogleService-Info.plist */,
			);
			path = "e-commerce-app";
			sourceTree = "<group>";
		};
		0F094E812CB54AAE00DF963A /* data */ = {
			isa = PBXGroup;
			children = (
				0F297BC02CC50D3300A6F25F /* animation */,
				0FA8BB7F2CBF9A8A00318177 /* Model.xcdatamodeld */,
				0F094E8D2CB5588E00DF963A /* repo */,
				0F094E822CB54ACD00DF963A /* entity */,
			);
			path = data;
			sourceTree = "<group>";
		};
		0F094E822CB54ACD00DF963A /* entity */ = {
			isa = PBXGroup;
			children = (
				0F094E832CB54F4900DF963A /* CRUDResult.swift */,
				0F094E852CB54F5B00DF963A /* UrunlerResult.swift */,
				0F094E872CB54F6500DF963A /* Urunler.swift */,
				0F094E892CB5535F00DF963A /* UrunlerSepeti.swift */,
				0F094E8B2CB554BF00DF963A /* SepetResult.swift */,
				0FA385C32CC2676D0094320E /* UserProfile.swift */,
			);
			path = entity;
			sourceTree = "<group>";
		};
		0F094E8D2CB5588E00DF963A /* repo */ = {
			isa = PBXGroup;
			children = (
				0F094E8E2CB558A700DF963A /* ProductRepository.swift */,
				0F094E902CB558F900DF963A /* CartRepository.swift */,
				0FA8BB822CBF9B2800318177 /* FavoriteRepository.swift */,
				0FA385C52CC2689E0094320E /* ProfileRepository.swift */,
				0FA385C92CC26F640094320E /* LoginRepository.swift */,
				0FA385CB2CC270FB0094320E /* RegisterRepository.swift */,
			);
			path = repo;
			sourceTree = "<group>";
		};
		0F094E922CB5594100DF963A /* ui */ = {
			isa = PBXGroup;
			children = (
				0F094EA22CB5633E00DF963A /* tableview */,
				0F094EA12CB5633100DF963A /* collectionview */,
				0F094E942CB5595500DF963A /* viewmodel */,
				0F297BB72CC503AD00A6F25F /* storyboard */,
				0F094E932CB5594F00DF963A /* views */,
			);
			path = ui;
			sourceTree = "<group>";
		};
		0F094E932CB5594F00DF963A /* views */ = {
			isa = PBXGroup;
			children = (
				0F094E712CB54A9200DF963A /* Homepage.swift */,
				0F094E9D2CB562F800DF963A /* ProductDetail.swift */,
				0F094E9F2CB5630A00DF963A /* Cart.swift */,
				0FA8BB862CBFBA1F00318177 /* Favorites.swift */,
				0F0BDCC22CC042BE0057362F /* Profile.swift */,
				0F7F29192CC1061600715F76 /* Register.swift */,
				0F7F291B2CC1062200715F76 /* Login.swift */,
			);
			path = views;
			sourceTree = "<group>";
		};
		0F094E942CB5595500DF963A /* viewmodel */ = {
			isa = PBXGroup;
			children = (
				0F094E952CB559A700DF963A /* HomepageViewModel.swift */,
				0F094E972CB559CB00DF963A /* ProductDetailViewModel.swift */,
				0F094E992CB559D900DF963A /* CartViewModel.swift */,
				0FA8BB8A2CBFC3E800318177 /* FavoritesViewModel.swift */,
				0F7F29222CC1393600715F76 /* LoginViewModel.swift */,
				0F7F29242CC13D8000715F76 /* RegisterViewModel.swift */,
				0FA385C72CC269360094320E /* ProfileViewModel.swift */,
			);
			path = viewmodel;
			sourceTree = "<group>";
		};
		0F094EA12CB5633100DF963A /* collectionview */ = {
			isa = PBXGroup;
			children = (
				0F094EA92CB5648400DF963A /* HomeProductCell.swift */,
			);
			path = collectionview;
			sourceTree = "<group>";
		};
		0F094EA22CB5633E00DF963A /* tableview */ = {
			isa = PBXGroup;
			children = (
				0F094EA72CB5645800DF963A /* CartProductCell.swift */,
				0FA8BB882CBFBA3F00318177 /* FavoriteProductCell.swift */,
				0F0BDCC02CC0429B0057362F /* ProfileListCell.swift */,
			);
			path = tableview;
			sourceTree = "<group>";
		};
		0F094EAB2CB56F1500DF963A /* utilities */ = {
			isa = PBXGroup;
			children = (
				0F094EAC2CB56F3F00DF963A /* Endpoints.swift */,
				0FB685C02CB684C700620396 /* ImageHelper.swift */,
				0F2DDF582CBE92FA000A10F3 /* DiscountManager.swift */,
				0F297BCB2CC51F8B00A6F25F /* AnimationHelper.swift */,
				0F297BD32CC5269E00A6F25F /* TableViewHelper.swift */,
			);
			path = utilities;
			sourceTree = "<group>";
		};
		0F297BB52CC502AF00A6F25F /* delegates */ = {
			isa = PBXGroup;
			children = (
				0F094E6D2CB54A9200DF963A /* AppDelegate.swift */,
				0F094E6F2CB54A9200DF963A /* SceneDelegate.swift */,
			);
			path = delegates;
			sourceTree = "<group>";
		};
		0F297BB72CC503AD00A6F25F /* storyboard */ = {
			isa = PBXGroup;
			children = (
				0F094E782CB54A9400DF963A /* LaunchScreen.storyboard */,
				0F094E732CB54A9200DF963A /* Main.storyboard */,
			);
			path = storyboard;
			sourceTree = "<group>";
		};
		0F297BC02CC50D3300A6F25F /* animation */ = {
			isa = PBXGroup;
			children = (
				0F297BC92CC51E6B00A6F25F /* complete-animation.json */,
				0F297BC32CC50D5900A6F25F /* addtocart-animation.json */,
			);
			path = animation;
			sourceTree = "<group>";
		};
		0FA8BB7C2CBF9A5900318177 /* Frameworks */ = {
			isa = PBXGroup;
			children = (
				0FA8BB7D2CBF9A5900318177 /* CoreData.framework */,
			);
			name = Frameworks;
			sourceTree = "<group>";
		};
/* End PBXGroup section */

/* Begin PBXNativeTarget section */
		0F094E692CB54A9200DF963A /* e-commerce-app */ = {
			isa = PBXNativeTarget;
			buildConfigurationList = 0F094E7E2CB54A9400DF963A /* Build configuration list for PBXNativeTarget "e-commerce-app" */;
			buildPhases = (
				0F094E662CB54A9200DF963A /* Sources */,
				0F094E672CB54A9200DF963A /* Frameworks */,
				0F094E682CB54A9200DF963A /* Resources */,
			);
			buildRules = (
			);
			dependencies = (
			);
			name = "e-commerce-app";
			packageProductDependencies = (
				0F094EAF2CB5782400DF963A /* RxSwift */,
				0F094EB22CB578B900DF963A /* Kingfisher */,
				0F7F29202CC12FA100715F76 /* FirebaseAuth */,
				0FE2BF0B2CC178AD0045FB57 /* FirebaseFirestore */,
				0F297BBE2CC50D1C00A6F25F /* Lottie */,
			);
			productName = "e-commerce-app";
			productReference = 0F094E6A2CB54A9200DF963A /* e-commerce-app.app */;
			productType = "com.apple.product-type.application";
		};
/* End PBXNativeTarget section */

/* Begin PBXProject section */
		0F094E622CB54A9200DF963A /* Project object */ = {
			isa = PBXProject;
			attributes = {
				BuildIndependentTargetsInParallel = 1;
				LastSwiftUpdateCheck = 1540;
				LastUpgradeCheck = 1540;
				TargetAttributes = {
					0F094E692CB54A9200DF963A = {
						CreatedOnToolsVersion = 15.4;
					};
				};
			};
			buildConfigurationList = 0F094E652CB54A9200DF963A /* Build configuration list for PBXProject "e-commerce-app" */;
			compatibilityVersion = "Xcode 14.0";
			developmentRegion = en;
			hasScannedForEncodings = 0;
			knownRegions = (
				en,
				Base,
			);
			mainGroup = 0F094E612CB54A9200DF963A;
			packageReferences = (
				0F094EAE2CB5782400DF963A /* XCRemoteSwiftPackageReference "RxSwift" */,
				0F094EB12CB578B900DF963A /* XCRemoteSwiftPackageReference "Kingfisher" */,
				0F7F291F2CC12FA100715F76 /* XCRemoteSwiftPackageReference "firebase-ios-sdk" */,
				0F297BBD2CC50D1C00A6F25F /* XCRemoteSwiftPackageReference "lottie-ios" */,
			);
			productRefGroup = 0F094E6B2CB54A9200DF963A /* Products */;
			projectDirPath = "";
			projectRoot = "";
			targets = (
				0F094E692CB54A9200DF963A /* e-commerce-app */,
			);
		};
/* End PBXProject section */

/* Begin PBXResourcesBuildPhase section */
		0F094E682CB54A9200DF963A /* Resources */ = {
			isa = PBXResourcesBuildPhase;
			buildActionMask = 2147483647;
			files = (
				0F297BC42CC50D5900A6F25F /* addtocart-animation.json in Resources */,
				0F094E772CB54A9400DF963A /* Assets.xcassets in Resources */,
				0F094E7A2CB54A9400DF963A /* Base in Resources */,
				0F7F291E2CC12E0D00715F76 /* GoogleService-Info.plist in Resources */,
				0F297BCA2CC51E6B00A6F25F /* complete-animation.json in Resources */,
				0F094E752CB54A9200DF963A /* Base in Resources */,
			);
			runOnlyForDeploymentPostprocessing = 0;
		};
/* End PBXResourcesBuildPhase section */

/* Begin PBXSourcesBuildPhase section */
		0F094E662CB54A9200DF963A /* Sources */ = {
			isa = PBXSourcesBuildPhase;
			buildActionMask = 2147483647;
			files = (
				0F2DDF592CBE92FA000A10F3 /* DiscountManager.swift in Sources */,
				0F0BDCC12CC0429B0057362F /* ProfileListCell.swift in Sources */,
				0FA8BB892CBFBA3F00318177 /* FavoriteProductCell.swift in Sources */,
				0F297BCC2CC51F8B00A6F25F /* AnimationHelper.swift in Sources */,
				0F7F291C2CC1062200715F76 /* Login.swift in Sources */,
				0F094EAA2CB5648400DF963A /* HomeProductCell.swift in Sources */,
				0F094E862CB54F5B00DF963A /* UrunlerResult.swift in Sources */,
				0F094E8A2CB5535F00DF963A /* UrunlerSepeti.swift in Sources */,
				0FA8BB8B2CBFC3E800318177 /* FavoritesViewModel.swift in Sources */,
				0F297BD42CC5269E00A6F25F /* TableViewHelper.swift in Sources */,
				0F7F29232CC1393600715F76 /* LoginViewModel.swift in Sources */,
				0F094E962CB559A700DF963A /* HomepageViewModel.swift in Sources */,
				0FA385CA2CC26F640094320E /* LoginRepository.swift in Sources */,
				0F094E9A2CB559D900DF963A /* CartViewModel.swift in Sources */,
				0F094E8F2CB558A700DF963A /* ProductRepository.swift in Sources */,
				0FA8BB832CBF9B2800318177 /* FavoriteRepository.swift in Sources */,
				0F094E912CB558F900DF963A /* CartRepository.swift in Sources */,
				0FA8BB872CBFBA1F00318177 /* Favorites.swift in Sources */,
				0FB685C12CB684C700620396 /* ImageHelper.swift in Sources */,
				0F094E882CB54F6500DF963A /* Urunler.swift in Sources */,
				0F094EA02CB5630A00DF963A /* Cart.swift in Sources */,
				0F7F29252CC13D8000715F76 /* RegisterViewModel.swift in Sources */,
				0F094E842CB54F4900DF963A /* CRUDResult.swift in Sources */,
				0F094E8C2CB554BF00DF963A /* SepetResult.swift in Sources */,
				0F7F291A2CC1061600715F76 /* Register.swift in Sources */,
				0F094E722CB54A9200DF963A /* Homepage.swift in Sources */,
				0FA385CC2CC270FB0094320E /* RegisterRepository.swift in Sources */,
				0F094E9E2CB562F800DF963A /* ProductDetail.swift in Sources */,
				0FA385C62CC2689E0094320E /* ProfileRepository.swift in Sources */,
				0F094E6E2CB54A9200DF963A /* AppDelegate.swift in Sources */,
				0F094EA82CB5645800DF963A /* CartProductCell.swift in Sources */,
				0FA8BB812CBF9A8A00318177 /* Model.xcdatamodeld in Sources */,
				0F094E702CB54A9200DF963A /* SceneDelegate.swift in Sources */,
				0FA385C42CC2676D0094320E /* UserProfile.swift in Sources */,
				0FA385C82CC269360094320E /* ProfileViewModel.swift in Sources */,
				0F094EAD2CB56F3F00DF963A /* Endpoints.swift in Sources */,
				0F0BDCC32CC042BE0057362F /* Profile.swift in Sources */,
				0F094E982CB559CB00DF963A /* ProductDetailViewModel.swift in Sources */,
			);
			runOnlyForDeploymentPostprocessing = 0;
		};
/* End PBXSourcesBuildPhase section */

/* Begin PBXVariantGroup section */
		0F094E732CB54A9200DF963A /* Main.storyboard */ = {
			isa = PBXVariantGroup;
			children = (
				0F094E742CB54A9200DF963A /* Base */,
			);
			name = Main.storyboard;
			sourceTree = "<group>";
		};
		0F094E782CB54A9400DF963A /* LaunchScreen.storyboard */ = {
			isa = PBXVariantGroup;
			children = (
				0F094E792CB54A9400DF963A /* Base */,
			);
			name = LaunchScreen.storyboard;
			sourceTree = "<group>";
		};
/* End PBXVariantGroup section */

/* Begin XCBuildConfiguration section */
		0F094E7C2CB54A9400DF963A /* Debug */ = {
			isa = XCBuildConfiguration;
			buildSettings = {
				ALWAYS_SEARCH_USER_PATHS = NO;
				ASSETCATALOG_COMPILER_GENERATE_SWIFT_ASSET_SYMBOL_EXTENSIONS = YES;
				CLANG_ANALYZER_NONNULL = YES;
				CLANG_ANALYZER_NUMBER_OBJECT_CONVERSION = YES_AGGRESSIVE;
				CLANG_CXX_LANGUAGE_STANDARD = "gnu++20";
				CLANG_ENABLE_MODULES = YES;
				CLANG_ENABLE_OBJC_ARC = YES;
				CLANG_ENABLE_OBJC_WEAK = YES;
				CLANG_WARN_BLOCK_CAPTURE_AUTORELEASING = YES;
				CLANG_WARN_BOOL_CONVERSION = YES;
				CLANG_WARN_COMMA = YES;
				CLANG_WARN_CONSTANT_CONVERSION = YES;
				CLANG_WARN_DEPRECATED_OBJC_IMPLEMENTATIONS = YES;
				CLANG_WARN_DIRECT_OBJC_ISA_USAGE = YES_ERROR;
				CLANG_WARN_DOCUMENTATION_COMMENTS = YES;
				CLANG_WARN_EMPTY_BODY = YES;
				CLANG_WARN_ENUM_CONVERSION = YES;
				CLANG_WARN_INFINITE_RECURSION = YES;
				CLANG_WARN_INT_CONVERSION = YES;
				CLANG_WARN_NON_LITERAL_NULL_CONVERSION = YES;
				CLANG_WARN_OBJC_IMPLICIT_RETAIN_SELF = YES;
				CLANG_WARN_OBJC_LITERAL_CONVERSION = YES;
				CLANG_WARN_OBJC_ROOT_CLASS = YES_ERROR;
				CLANG_WARN_QUOTED_INCLUDE_IN_FRAMEWORK_HEADER = YES;
				CLANG_WARN_RANGE_LOOP_ANALYSIS = YES;
				CLANG_WARN_STRICT_PROTOTYPES = YES;
				CLANG_WARN_SUSPICIOUS_MOVE = YES;
				CLANG_WARN_UNGUARDED_AVAILABILITY = YES_AGGRESSIVE;
				CLANG_WARN_UNREACHABLE_CODE = YES;
				CLANG_WARN__DUPLICATE_METHOD_MATCH = YES;
				COPY_PHASE_STRIP = NO;
				DEBUG_INFORMATION_FORMAT = dwarf;
				ENABLE_STRICT_OBJC_MSGSEND = YES;
				ENABLE_TESTABILITY = YES;
				ENABLE_USER_SCRIPT_SANDBOXING = YES;
				GCC_C_LANGUAGE_STANDARD = gnu17;
				GCC_DYNAMIC_NO_PIC = NO;
				GCC_NO_COMMON_BLOCKS = YES;
				GCC_OPTIMIZATION_LEVEL = 0;
				GCC_PREPROCESSOR_DEFINITIONS = (
					"DEBUG=1",
					"$(inherited)",
				);
				GCC_WARN_64_TO_32_BIT_CONVERSION = YES;
				GCC_WARN_ABOUT_RETURN_TYPE = YES_ERROR;
				GCC_WARN_UNDECLARED_SELECTOR = YES;
				GCC_WARN_UNINITIALIZED_AUTOS = YES_AGGRESSIVE;
				GCC_WARN_UNUSED_FUNCTION = YES;
				GCC_WARN_UNUSED_VARIABLE = YES;
				IPHONEOS_DEPLOYMENT_TARGET = 17.5;
				LOCALIZATION_PREFERS_STRING_CATALOGS = YES;
				MTL_ENABLE_DEBUG_INFO = INCLUDE_SOURCE;
				MTL_FAST_MATH = YES;
				ONLY_ACTIVE_ARCH = YES;
				SDKROOT = iphoneos;
				SWIFT_ACTIVE_COMPILATION_CONDITIONS = "DEBUG $(inherited)";
				SWIFT_OPTIMIZATION_LEVEL = "-Onone";
			};
			name = Debug;
		};
		0F094E7D2CB54A9400DF963A /* Release */ = {
			isa = XCBuildConfiguration;
			buildSettings = {
				ALWAYS_SEARCH_USER_PATHS = NO;
				ASSETCATALOG_COMPILER_GENERATE_SWIFT_ASSET_SYMBOL_EXTENSIONS = YES;
				CLANG_ANALYZER_NONNULL = YES;
				CLANG_ANALYZER_NUMBER_OBJECT_CONVERSION = YES_AGGRESSIVE;
				CLANG_CXX_LANGUAGE_STANDARD = "gnu++20";
				CLANG_ENABLE_MODULES = YES;
				CLANG_ENABLE_OBJC_ARC = YES;
				CLANG_ENABLE_OBJC_WEAK = YES;
				CLANG_WARN_BLOCK_CAPTURE_AUTORELEASING = YES;
				CLANG_WARN_BOOL_CONVERSION = YES;
				CLANG_WARN_COMMA = YES;
				CLANG_WARN_CONSTANT_CONVERSION = YES;
				CLANG_WARN_DEPRECATED_OBJC_IMPLEMENTATIONS = YES;
				CLANG_WARN_DIRECT_OBJC_ISA_USAGE = YES_ERROR;
				CLANG_WARN_DOCUMENTATION_COMMENTS = YES;
				CLANG_WARN_EMPTY_BODY = YES;
				CLANG_WARN_ENUM_CONVERSION = YES;
				CLANG_WARN_INFINITE_RECURSION = YES;
				CLANG_WARN_INT_CONVERSION = YES;
				CLANG_WARN_NON_LITERAL_NULL_CONVERSION = YES;
				CLANG_WARN_OBJC_IMPLICIT_RETAIN_SELF = YES;
				CLANG_WARN_OBJC_LITERAL_CONVERSION = YES;
				CLANG_WARN_OBJC_ROOT_CLASS = YES_ERROR;
				CLANG_WARN_QUOTED_INCLUDE_IN_FRAMEWORK_HEADER = YES;
				CLANG_WARN_RANGE_LOOP_ANALYSIS = YES;
				CLANG_WARN_STRICT_PROTOTYPES = YES;
				CLANG_WARN_SUSPICIOUS_MOVE = YES;
				CLANG_WARN_UNGUARDED_AVAILABILITY = YES_AGGRESSIVE;
				CLANG_WARN_UNREACHABLE_CODE = YES;
				CLANG_WARN__DUPLICATE_METHOD_MATCH = YES;
				COPY_PHASE_STRIP = NO;
				DEBUG_INFORMATION_FORMAT = "dwarf-with-dsym";
				ENABLE_NS_ASSERTIONS = NO;
				ENABLE_STRICT_OBJC_MSGSEND = YES;
				ENABLE_USER_SCRIPT_SANDBOXING = YES;
				GCC_C_LANGUAGE_STANDARD = gnu17;
				GCC_NO_COMMON_BLOCKS = YES;
				GCC_WARN_64_TO_32_BIT_CONVERSION = YES;
				GCC_WARN_ABOUT_RETURN_TYPE = YES_ERROR;
				GCC_WARN_UNDECLARED_SELECTOR = YES;
				GCC_WARN_UNINITIALIZED_AUTOS = YES_AGGRESSIVE;
				GCC_WARN_UNUSED_FUNCTION = YES;
				GCC_WARN_UNUSED_VARIABLE = YES;
				IPHONEOS_DEPLOYMENT_TARGET = 17.5;
				LOCALIZATION_PREFERS_STRING_CATALOGS = YES;
				MTL_ENABLE_DEBUG_INFO = NO;
				MTL_FAST_MATH = YES;
				SDKROOT = iphoneos;
				SWIFT_COMPILATION_MODE = wholemodule;
				VALIDATE_PRODUCT = YES;
			};
			name = Release;
		};
		0F094E7F2CB54A9400DF963A /* Debug */ = {
			isa = XCBuildConfiguration;
			buildSettings = {
				ASSETCATALOG_COMPILER_APPICON_NAME = AppIcon;
				ASSETCATALOG_COMPILER_GLOBAL_ACCENT_COLOR_NAME = AccentColor;
				CODE_SIGN_STYLE = Automatic;
				CURRENT_PROJECT_VERSION = 1;
				GENERATE_INFOPLIST_FILE = YES;
				INFOPLIST_FILE = "e-commerce-app/Info.plist";
				INFOPLIST_KEY_UIApplicationSupportsIndirectInputEvents = YES;
				INFOPLIST_KEY_UILaunchStoryboardName = LaunchScreen;
				INFOPLIST_KEY_UIMainStoryboardFile = Main;
				INFOPLIST_KEY_UISupportedInterfaceOrientations_iPad = "UIInterfaceOrientationPortrait UIInterfaceOrientationPortraitUpsideDown UIInterfaceOrientationLandscapeLeft UIInterfaceOrientationLandscapeRight";
				INFOPLIST_KEY_UISupportedInterfaceOrientations_iPhone = "UIInterfaceOrientationPortrait UIInterfaceOrientationLandscapeLeft UIInterfaceOrientationLandscapeRight";
				LD_RUNPATH_SEARCH_PATHS = (
					"$(inherited)",
					"@executable_path/Frameworks",
				);
				MARKETING_VERSION = 1.0;
				PRODUCT_BUNDLE_IDENTIFIER = "com.info.e-commerce-app";
				PRODUCT_NAME = "$(TARGET_NAME)";
				SWIFT_EMIT_LOC_STRINGS = YES;
				SWIFT_VERSION = 5.0;
				TARGETED_DEVICE_FAMILY = "1,2";
			};
			name = Debug;
		};
		0F094E802CB54A9400DF963A /* Release */ = {
			isa = XCBuildConfiguration;
			buildSettings = {
				ASSETCATALOG_COMPILER_APPICON_NAME = AppIcon;
				ASSETCATALOG_COMPILER_GLOBAL_ACCENT_COLOR_NAME = AccentColor;
				CODE_SIGN_STYLE = Automatic;
				CURRENT_PROJECT_VERSION = 1;
				GENERATE_INFOPLIST_FILE = YES;
				INFOPLIST_FILE = "e-commerce-app/Info.plist";
				INFOPLIST_KEY_UIApplicationSupportsIndirectInputEvents = YES;
				INFOPLIST_KEY_UILaunchStoryboardName = LaunchScreen;
				INFOPLIST_KEY_UIMainStoryboardFile = Main;
				INFOPLIST_KEY_UISupportedInterfaceOrientations_iPad = "UIInterfaceOrientationPortrait UIInterfaceOrientationPortraitUpsideDown UIInterfaceOrientationLandscapeLeft UIInterfaceOrientationLandscapeRight";
				INFOPLIST_KEY_UISupportedInterfaceOrientations_iPhone = "UIInterfaceOrientationPortrait UIInterfaceOrientationLandscapeLeft UIInterfaceOrientationLandscapeRight";
				LD_RUNPATH_SEARCH_PATHS = (
					"$(inherited)",
					"@executable_path/Frameworks",
				);
				MARKETING_VERSION = 1.0;
				PRODUCT_BUNDLE_IDENTIFIER = "com.info.e-commerce-app";
				PRODUCT_NAME = "$(TARGET_NAME)";
				SWIFT_EMIT_LOC_STRINGS = YES;
				SWIFT_VERSION = 5.0;
				TARGETED_DEVICE_FAMILY = "1,2";
			};
			name = Release;
		};
/* End XCBuildConfiguration section */

/* Begin XCConfigurationList section */
		0F094E652CB54A9200DF963A /* Build configuration list for PBXProject "e-commerce-app" */ = {
			isa = XCConfigurationList;
			buildConfigurations = (
				0F094E7C2CB54A9400DF963A /* Debug */,
				0F094E7D2CB54A9400DF963A /* Release */,
			);
			defaultConfigurationIsVisible = 0;
			defaultConfigurationName = Release;
		};
		0F094E7E2CB54A9400DF963A /* Build configuration list for PBXNativeTarget "e-commerce-app" */ = {
			isa = XCConfigurationList;
			buildConfigurations = (
				0F094E7F2CB54A9400DF963A /* Debug */,
				0F094E802CB54A9400DF963A /* Release */,
			);
			defaultConfigurationIsVisible = 0;
			defaultConfigurationName = Release;
		};
/* End XCConfigurationList section */

/* Begin XCRemoteSwiftPackageReference section */
		0F094EAE2CB5782400DF963A /* XCRemoteSwiftPackageReference "RxSwift" */ = {
			isa = XCRemoteSwiftPackageReference;
			repositoryURL = "https://github.com/ReactiveX/RxSwift.git";
			requirement = {
				kind = upToNextMajorVersion;
				minimumVersion = 6.8.0;
			};
		};
		0F094EB12CB578B900DF963A /* XCRemoteSwiftPackageReference "Kingfisher" */ = {
			isa = XCRemoteSwiftPackageReference;
			repositoryURL = "https://github.com/onevcat/Kingfisher.git";
			requirement = {
				kind = upToNextMajorVersion;
				minimumVersion = 8.0.3;
			};
		};
		0F297BBD2CC50D1C00A6F25F /* XCRemoteSwiftPackageReference "lottie-ios" */ = {
			isa = XCRemoteSwiftPackageReference;
			repositoryURL = "https://github.com/airbnb/lottie-ios";
			requirement = {
				kind = upToNextMajorVersion;
				minimumVersion = 4.5.0;
			};
		};
		0F7F291F2CC12FA100715F76 /* XCRemoteSwiftPackageReference "firebase-ios-sdk" */ = {
			isa = XCRemoteSwiftPackageReference;
			repositoryURL = "https://github.com/firebase/firebase-ios-sdk";
			requirement = {
				kind = upToNextMajorVersion;
				minimumVersion = 11.3.0;
			};
		};
/* End XCRemoteSwiftPackageReference section */

/* Begin XCSwiftPackageProductDependency section */
		0F094EAF2CB5782400DF963A /* RxSwift */ = {
			isa = XCSwiftPackageProductDependency;
			package = 0F094EAE2CB5782400DF963A /* XCRemoteSwiftPackageReference "RxSwift" */;
			productName = RxSwift;
		};
		0F094EB22CB578B900DF963A /* Kingfisher */ = {
			isa = XCSwiftPackageProductDependency;
			package = 0F094EB12CB578B900DF963A /* XCRemoteSwiftPackageReference "Kingfisher" */;
			productName = Kingfisher;
		};
		0F297BBE2CC50D1C00A6F25F /* Lottie */ = {
			isa = XCSwiftPackageProductDependency;
			package = 0F297BBD2CC50D1C00A6F25F /* XCRemoteSwiftPackageReference "lottie-ios" */;
			productName = Lottie;
		};
		0F7F29202CC12FA100715F76 /* FirebaseAuth */ = {
			isa = XCSwiftPackageProductDependency;
			package = 0F7F291F2CC12FA100715F76 /* XCRemoteSwiftPackageReference "firebase-ios-sdk" */;
			productName = FirebaseAuth;
		};
		0FE2BF0B2CC178AD0045FB57 /* FirebaseFirestore */ = {
			isa = XCSwiftPackageProductDependency;
			package = 0F7F291F2CC12FA100715F76 /* XCRemoteSwiftPackageReference "firebase-ios-sdk" */;
			productName = FirebaseFirestore;
		};
/* End XCSwiftPackageProductDependency section */

/* Begin XCVersionGroup section */
		0FA8BB7F2CBF9A8A00318177 /* Model.xcdatamodeld */ = {
			isa = XCVersionGroup;
			children = (
				0FA8BB802CBF9A8A00318177 /* Model.xcdatamodel */,
			);
			currentVersion = 0FA8BB802CBF9A8A00318177 /* Model.xcdatamodel */;
			path = Model.xcdatamodeld;
			sourceTree = "<group>";
			versionGroupType = wrapper.xcdatamodel;
		};
/* End XCVersionGroup section */
	};
	rootObject = 0F094E622CB54A9200DF963A /* Project object */;
}
